{
  "name": "namesearch",
  "version": "1.0.0",
  "lockfileVersion": 1,
  "requires": true,
  "dependencies": {
    "@ethersproject/abi": {
      "version": "5.3.0",
      "resolved": "https://registry.nlark.com/@ethersproject/abi/download/@ethersproject/abi-5.3.0.tgz?cache=0&sync_timestamp=1622517901433&other_urls=https%3A%2F%2Fregistry.nlark.com%2F%40ethersproject%2Fabi%2Fdownload%2F%40ethersproject%2Fabi-5.3.0.tgz",
      "integrity": "sha1-APBkfZBu3NMsULFqucmPg+II3PE=",
      "requires": {
        "@ethersproject/address": "^5.3.0",
        "@ethersproject/bignumber": "^5.3.0",
        "@ethersproject/bytes": "^5.3.0",
        "@ethersproject/constants": "^5.3.0",
        "@ethersproject/hash": "^5.3.0",
        "@ethersproject/keccak256": "^5.3.0",
        "@ethersproject/logger": "^5.3.0",
        "@ethersproject/properties": "^5.3.0",
        "@ethersproject/strings": "^5.3.0"
      }
    },
    "@ethersproject/abstract-provider": {
      "version": "5.3.0",
      "resolved": "https://registry.nlark.com/@ethersproject/abstract-provider/download/@ethersproject/abstract-provider-5.3.0.tgz?cache=0&sync_timestamp=1622517904957&other_urls=https%3A%2F%2Fregistry.nlark.com%2F%40ethersproject%2Fabstract-provider%2Fdownload%2F%40ethersproject%2Fabstract-provider-5.3.0.tgz",
      "integrity": "sha1-9MCuSkzvnyBNd4HegF/US3J1bIE=",
      "requires": {
        "@ethersproject/bignumber": "^5.3.0",
        "@ethersproject/bytes": "^5.3.0",
        "@ethersproject/logger": "^5.3.0",
        "@ethersproject/networks": "^5.3.0",
        "@ethersproject/properties": "^5.3.0",
        "@ethersproject/transactions": "^5.3.0",
        "@ethersproject/web": "^5.3.0"
      }
    },
    "@ethersproject/abstract-signer": {
      "version": "5.3.0",
      "resolved": "https://registry.nlark.com/@ethersproject/abstract-signer/download/@ethersproject/abstract-signer-5.3.0.tgz?cache=0&sync_timestamp=1622517991492&other_urls=https%3A%2F%2Fregistry.nlark.com%2F%40ethersproject%2Fabstract-signer%2Fdownload%2F%40ethersproject%2Fabstract-signer-5.3.0.tgz",
      "integrity": "sha1-BRcrZT4VtTXtWFTvX2py9LRBBS0=",
      "requires": {
        "@ethersproject/abstract-provider": "^5.3.0",
        "@ethersproject/bignumber": "^5.3.0",
        "@ethersproject/bytes": "^5.3.0",
        "@ethersproject/logger": "^5.3.0",
        "@ethersproject/properties": "^5.3.0"
      }
    },
    "@ethersproject/address": {
      "version": "5.3.0",
      "resolved": "https://registry.nlark.com/@ethersproject/address/download/@ethersproject/address-5.3.0.tgz",
      "integrity": "sha1-5Ttp6s6/My6Bdd6BTF5lB9aTJRg=",
      "requires": {
        "@ethersproject/bignumber": "^5.3.0",
        "@ethersproject/bytes": "^5.3.0",
        "@ethersproject/keccak256": "^5.3.0",
        "@ethersproject/logger": "^5.3.0",
        "@ethersproject/rlp": "^5.3.0"
      }
    },
    "@ethersproject/base64": {
      "version": "5.3.0",
      "resolved": "https://registry.nlark.com/@ethersproject/base64/download/@ethersproject/base64-5.3.0.tgz?cache=0&sync_timestamp=1622517949696&other_urls=https%3A%2F%2Fregistry.nlark.com%2F%40ethersproject%2Fbase64%2Fdownload%2F%40ethersproject%2Fbase64-5.3.0.tgz",
      "integrity": "sha1-uDH7NUGLQq0k2UPFVyWQYrhkCCQ=",
      "requires": {
        "@ethersproject/bytes": "^5.3.0"
      }
    },
    "@ethersproject/basex": {
      "version": "5.3.0",
      "resolved": "https://registry.nlark.com/@ethersproject/basex/download/@ethersproject/basex-5.3.0.tgz",
      "integrity": "sha1-At6jq4VZrmJcbVSLwRdzQyJVyRY=",
      "requires": {
        "@ethersproject/bytes": "^5.3.0",
        "@ethersproject/properties": "^5.3.0"
      }
    },
    "@ethersproject/bignumber": {
      "version": "5.3.0",
      "resolved": "https://registry.nlark.com/@ethersproject/bignumber/download/@ethersproject/bignumber-5.3.0.tgz?cache=0&sync_timestamp=1622517955304&other_urls=https%3A%2F%2Fregistry.nlark.com%2F%40ethersproject%2Fbignumber%2Fdownload%2F%40ethersproject%2Fbignumber-5.3.0.tgz",
      "integrity": "sha1-dKsuycO9pONEkgVlcgpu6ceU6ds=",
      "requires": {
        "@ethersproject/bytes": "^5.3.0",
        "@ethersproject/logger": "^5.3.0",
        "bn.js": "^4.11.9"
      }
    },
    "@ethersproject/bytes": {
      "version": "5.3.0",
      "resolved": "https://registry.nlark.com/@ethersproject/bytes/download/@ethersproject/bytes-5.3.0.tgz",
      "integrity": "sha1-Rz4Np/gx1TWyACvgXm9Mo3KaG8k=",
      "requires": {
        "@ethersproject/logger": "^5.3.0"
      }
    },
    "@ethersproject/constants": {
      "version": "5.3.0",
      "resolved": "https://registry.nlark.com/@ethersproject/constants/download/@ethersproject/constants-5.3.0.tgz?cache=0&sync_timestamp=1622517903577&other_urls=https%3A%2F%2Fregistry.nlark.com%2F%40ethersproject%2Fconstants%2Fdownload%2F%40ethersproject%2Fconstants-5.3.0.tgz",
      "integrity": "sha1-pdbYbA7sLGTDAkR5YJSTua+z/Hc=",
      "requires": {
        "@ethersproject/bignumber": "^5.3.0"
      }
    },
    "@ethersproject/contracts": {
      "version": "5.3.0",
      "resolved": "https://registry.nlark.com/@ethersproject/contracts/download/@ethersproject/contracts-5.3.0.tgz",
      "integrity": "sha1-rWmaOrquML+2QizzGBOmY7LUCZw=",
      "requires": {
        "@ethersproject/abi": "^5.3.0",
        "@ethersproject/abstract-provider": "^5.3.0",
        "@ethersproject/abstract-signer": "^5.3.0",
        "@ethersproject/address": "^5.3.0",
        "@ethersproject/bignumber": "^5.3.0",
        "@ethersproject/bytes": "^5.3.0",
        "@ethersproject/constants": "^5.3.0",
        "@ethersproject/logger": "^5.3.0",
        "@ethersproject/properties": "^5.3.0",
        "@ethersproject/transactions": "^5.3.0"
      }
    },
    "@ethersproject/hash": {
      "version": "5.3.0",
      "resolved": "https://registry.nlark.com/@ethersproject/hash/download/@ethersproject/hash-5.3.0.tgz",
      "integrity": "sha1-9l4789sygt9NpnbbbPoElTXdNkM=",
      "requires": {
        "@ethersproject/abstract-signer": "^5.3.0",
        "@ethersproject/address": "^5.3.0",
        "@ethersproject/bignumber": "^5.3.0",
        "@ethersproject/bytes": "^5.3.0",
        "@ethersproject/keccak256": "^5.3.0",
        "@ethersproject/logger": "^5.3.0",
        "@ethersproject/properties": "^5.3.0",
        "@ethersproject/strings": "^5.3.0"
      }
    },
    "@ethersproject/hdnode": {
      "version": "5.3.0",
      "resolved": "https://registry.nlark.com/@ethersproject/hdnode/download/@ethersproject/hdnode-5.3.0.tgz",
      "integrity": "sha1-Jv7WX/1cJUY/3f8T9ftOVhdVPJQ=",
      "requires": {
        "@ethersproject/abstract-signer": "^5.3.0",
        "@ethersproject/basex": "^5.3.0",
        "@ethersproject/bignumber": "^5.3.0",
        "@ethersproject/bytes": "^5.3.0",
        "@ethersproject/logger": "^5.3.0",
        "@ethersproject/pbkdf2": "^5.3.0",
        "@ethersproject/properties": "^5.3.0",
        "@ethersproject/sha2": "^5.3.0",
        "@ethersproject/signing-key": "^5.3.0",
        "@ethersproject/strings": "^5.3.0",
        "@ethersproject/transactions": "^5.3.0",
        "@ethersproject/wordlists": "^5.3.0"
      }
    },
    "@ethersproject/json-wallets": {
      "version": "5.3.0",
      "resolved": "https://registry.nlark.com/@ethersproject/json-wallets/download/@ethersproject/json-wallets-5.3.0.tgz",
      "integrity": "sha1-expf9QDBKqhZeugsiTmDewRJN24=",
      "requires": {
        "@ethersproject/abstract-signer": "^5.3.0",
        "@ethersproject/address": "^5.3.0",
        "@ethersproject/bytes": "^5.3.0",
        "@ethersproject/hdnode": "^5.3.0",
        "@ethersproject/keccak256": "^5.3.0",
        "@ethersproject/logger": "^5.3.0",
        "@ethersproject/pbkdf2": "^5.3.0",
        "@ethersproject/properties": "^5.3.0",
        "@ethersproject/random": "^5.3.0",
        "@ethersproject/strings": "^5.3.0",
        "@ethersproject/transactions": "^5.3.0",
        "aes-js": "3.0.0",
        "scrypt-js": "3.0.1"
      }
    },
    "@ethersproject/keccak256": {
      "version": "5.3.0",
      "resolved": "https://registry.nlark.com/@ethersproject/keccak256/download/@ethersproject/keccak256-5.3.0.tgz?cache=0&sync_timestamp=1622517903752&other_urls=https%3A%2F%2Fregistry.nlark.com%2F%40ethersproject%2Fkeccak256%2Fdownload%2F%40ethersproject%2Fkeccak256-5.3.0.tgz",
      "integrity": "sha1-+1zTa9/W+gLi6oSWQHip/GvXMb4=",
      "requires": {
        "@ethersproject/bytes": "^5.3.0",
        "js-sha3": "0.5.7"
      }
    },
    "@ethersproject/logger": {
      "version": "5.3.0",
      "resolved": "https://registry.nlark.com/@ethersproject/logger/download/@ethersproject/logger-5.3.0.tgz?cache=0&sync_timestamp=1622517946223&other_urls=https%3A%2F%2Fregistry.nlark.com%2F%40ethersproject%2Flogger%2Fdownload%2F%40ethersproject%2Flogger-5.3.0.tgz",
      "integrity": "sha1-emn6HUyg1LcTjaFifrFS92PYTdA="
    },
    "@ethersproject/networks": {
      "version": "5.3.0",
      "resolved": "https://registry.nlark.com/@ethersproject/networks/download/@ethersproject/networks-5.3.0.tgz?cache=0&sync_timestamp=1622517958976&other_urls=https%3A%2F%2Fregistry.nlark.com%2F%40ethersproject%2Fnetworks%2Fdownload%2F%40ethersproject%2Fnetworks-5.3.0.tgz",
      "integrity": "sha1-2K0G6xB8afuGUfTIHd0OiJRP3+o=",
      "requires": {
        "@ethersproject/logger": "^5.3.0"
      }
    },
    "@ethersproject/pbkdf2": {
      "version": "5.3.0",
      "resolved": "https://registry.nlark.com/@ethersproject/pbkdf2/download/@ethersproject/pbkdf2-5.3.0.tgz?cache=0&sync_timestamp=1622516716662&other_urls=https%3A%2F%2Fregistry.nlark.com%2F%40ethersproject%2Fpbkdf2%2Fdownload%2F%40ethersproject%2Fpbkdf2-5.3.0.tgz",
      "integrity": "sha1-itu0FInDyfMZzES8fT5glf1Gjcg=",
      "requires": {
        "@ethersproject/bytes": "^5.3.0",
        "@ethersproject/sha2": "^5.3.0"
      }
    },
    "@ethersproject/properties": {
      "version": "5.3.0",
      "resolved": "https://registry.nlark.com/@ethersproject/properties/download/@ethersproject/properties-5.3.0.tgz?cache=0&sync_timestamp=1622517960304&other_urls=https%3A%2F%2Fregistry.nlark.com%2F%40ethersproject%2Fproperties%2Fdownload%2F%40ethersproject%2Fproperties-5.3.0.tgz",
      "integrity": "sha1-/u9MS6vrfBCms0SVdQFvStLAkrI=",
      "requires": {
        "@ethersproject/logger": "^5.3.0"
      }
    },
    "@ethersproject/providers": {
      "version": "5.3.0",
      "resolved": "https://registry.nlark.com/@ethersproject/providers/download/@ethersproject/providers-5.3.0.tgz",
      "integrity": "sha1-vMtJ8Qc6fVbiT0mrsUuygcmwhjY=",
      "requires": {
        "@ethersproject/abstract-provider": "^5.3.0",
        "@ethersproject/abstract-signer": "^5.3.0",
        "@ethersproject/address": "^5.3.0",
        "@ethersproject/basex": "^5.3.0",
        "@ethersproject/bignumber": "^5.3.0",
        "@ethersproject/bytes": "^5.3.0",
        "@ethersproject/constants": "^5.3.0",
        "@ethersproject/hash": "^5.3.0",
        "@ethersproject/logger": "^5.3.0",
        "@ethersproject/networks": "^5.3.0",
        "@ethersproject/properties": "^5.3.0",
        "@ethersproject/random": "^5.3.0",
        "@ethersproject/rlp": "^5.3.0",
        "@ethersproject/sha2": "^5.3.0",
        "@ethersproject/strings": "^5.3.0",
        "@ethersproject/transactions": "^5.3.0",
        "@ethersproject/web": "^5.3.0",
        "bech32": "1.1.4",
        "ws": "7.4.6"
      }
    },
    "@ethersproject/random": {
      "version": "5.3.0",
      "resolved": "https://registry.nlark.com/@ethersproject/random/download/@ethersproject/random-5.3.0.tgz?cache=0&sync_timestamp=1622516723515&other_urls=https%3A%2F%2Fregistry.nlark.com%2F%40ethersproject%2Frandom%2Fdownload%2F%40ethersproject%2Frandom-5.3.0.tgz",
      "integrity": "sha1-fEa/NuUMsNBVC8jGZq+OHUSW3Bo=",
      "requires": {
        "@ethersproject/bytes": "^5.3.0",
        "@ethersproject/logger": "^5.3.0"
      }
    },
    "@ethersproject/rlp": {
      "version": "5.3.0",
      "resolved": "https://registry.nlark.com/@ethersproject/rlp/download/@ethersproject/rlp-5.3.0.tgz?cache=0&sync_timestamp=1622517967216&other_urls=https%3A%2F%2Fregistry.nlark.com%2F%40ethersproject%2Frlp%2Fdownload%2F%40ethersproject%2Frlp-5.3.0.tgz",
      "integrity": "sha1-fLk6e136aRY4lBU8nUsNk28zMYg=",
      "requires": {
        "@ethersproject/bytes": "^5.3.0",
        "@ethersproject/logger": "^5.3.0"
      }
    },
    "@ethersproject/sha2": {
      "version": "5.3.0",
      "resolved": "https://registry.nlark.com/@ethersproject/sha2/download/@ethersproject/sha2-5.3.0.tgz?cache=0&sync_timestamp=1622516712142&other_urls=https%3A%2F%2Fregistry.nlark.com%2F%40ethersproject%2Fsha2%2Fdownload%2F%40ethersproject%2Fsha2-5.3.0.tgz",
      "integrity": "sha1-IJ+aFkn30kUtzV5blK9Dt/P0I2Y=",
      "requires": {
        "@ethersproject/bytes": "^5.3.0",
        "@ethersproject/logger": "^5.3.0",
        "hash.js": "1.1.7"
      }
    },
    "@ethersproject/signing-key": {
      "version": "5.3.0",
      "resolved": "https://registry.nlark.com/@ethersproject/signing-key/download/@ethersproject/signing-key-5.3.0.tgz?cache=0&sync_timestamp=1622517904077&other_urls=https%3A%2F%2Fregistry.nlark.com%2F%40ethersproject%2Fsigning-key%2Fdownload%2F%40ethersproject%2Fsigning-key-5.3.0.tgz",
      "integrity": "sha1-qWyI+Bc+Gr7fo13jLT5dt8SOUlk=",
      "requires": {
        "@ethersproject/bytes": "^5.3.0",
        "@ethersproject/logger": "^5.3.0",
        "@ethersproject/properties": "^5.3.0",
        "bn.js": "^4.11.9",
        "elliptic": "6.5.4",
        "hash.js": "1.1.7"
      }
    },
    "@ethersproject/solidity": {
      "version": "5.3.0",
      "resolved": "https://registry.nlark.com/@ethersproject/solidity/download/@ethersproject/solidity-5.3.0.tgz",
      "integrity": "sha1-KgsAtKqu+ZoIDd6hOsqx+jXNSpM=",
      "requires": {
        "@ethersproject/bignumber": "^5.3.0",
        "@ethersproject/bytes": "^5.3.0",
        "@ethersproject/keccak256": "^5.3.0",
        "@ethersproject/sha2": "^5.3.0",
        "@ethersproject/strings": "^5.3.0"
      }
    },
    "@ethersproject/strings": {
      "version": "5.3.0",
      "resolved": "https://registry.nlark.com/@ethersproject/strings/download/@ethersproject/strings-5.3.0.tgz?cache=0&sync_timestamp=1622517904528&other_urls=https%3A%2F%2Fregistry.nlark.com%2F%40ethersproject%2Fstrings%2Fdownload%2F%40ethersproject%2Fstrings-5.3.0.tgz",
      "integrity": "sha1-prZAqrVqGOCQn2V9p5ju+JCWj/A=",
      "requires": {
        "@ethersproject/bytes": "^5.3.0",
        "@ethersproject/constants": "^5.3.0",
        "@ethersproject/logger": "^5.3.0"
      }
    },
    "@ethersproject/transactions": {
      "version": "5.3.0",
      "resolved": "https://registry.nlark.com/@ethersproject/transactions/download/@ethersproject/transactions-5.3.0.tgz?cache=0&sync_timestamp=1622517981724&other_urls=https%3A%2F%2Fregistry.nlark.com%2F%40ethersproject%2Ftransactions%2Fdownload%2F%40ethersproject%2Ftransactions-5.3.0.tgz",
      "integrity": "sha1-SbhvK6+k0L345ZZXj8eV7kfFBFg=",
      "requires": {
        "@ethersproject/address": "^5.3.0",
        "@ethersproject/bignumber": "^5.3.0",
        "@ethersproject/bytes": "^5.3.0",
        "@ethersproject/constants": "^5.3.0",
        "@ethersproject/keccak256": "^5.3.0",
        "@ethersproject/logger": "^5.3.0",
        "@ethersproject/properties": "^5.3.0",
        "@ethersproject/rlp": "^5.3.0",
        "@ethersproject/signing-key": "^5.3.0"
      }
    },
    "@ethersproject/units": {
      "version": "5.3.0",
      "resolved": "https://registry.nlark.com/@ethersproject/units/download/@ethersproject/units-5.3.0.tgz",
      "integrity": "sha1-xNFJNTKtPU3fbivE+MlKLbkzqPU=",
      "requires": {
        "@ethersproject/bignumber": "^5.3.0",
        "@ethersproject/constants": "^5.3.0",
        "@ethersproject/logger": "^5.3.0"
      }
    },
    "@ethersproject/wallet": {
      "version": "5.3.0",
      "resolved": "https://registry.nlark.com/@ethersproject/wallet/download/@ethersproject/wallet-5.3.0.tgz",
      "integrity": "sha1-kZRrRwvSeeOa3liGbyH5J0nQYq8=",
      "requires": {
        "@ethersproject/abstract-provider": "^5.3.0",
        "@ethersproject/abstract-signer": "^5.3.0",
        "@ethersproject/address": "^5.3.0",
        "@ethersproject/bignumber": "^5.3.0",
        "@ethersproject/bytes": "^5.3.0",
        "@ethersproject/hash": "^5.3.0",
        "@ethersproject/hdnode": "^5.3.0",
        "@ethersproject/json-wallets": "^5.3.0",
        "@ethersproject/keccak256": "^5.3.0",
        "@ethersproject/logger": "^5.3.0",
        "@ethersproject/properties": "^5.3.0",
        "@ethersproject/random": "^5.3.0",
        "@ethersproject/signing-key": "^5.3.0",
        "@ethersproject/transactions": "^5.3.0",
        "@ethersproject/wordlists": "^5.3.0"
      }
    },
    "@ethersproject/web": {
      "version": "5.3.0",
      "resolved": "https://registry.nlark.com/@ethersproject/web/download/@ethersproject/web-5.3.0.tgz?cache=0&sync_timestamp=1622517904795&other_urls=https%3A%2F%2Fregistry.nlark.com%2F%40ethersproject%2Fweb%2Fdownload%2F%40ethersproject%2Fweb-5.3.0.tgz",
      "integrity": "sha1-eVnEA/ZHbGFRUAjY+S2lHFU6juE=",
      "requires": {
        "@ethersproject/base64": "^5.3.0",
        "@ethersproject/bytes": "^5.3.0",
        "@ethersproject/logger": "^5.3.0",
        "@ethersproject/properties": "^5.3.0",
        "@ethersproject/strings": "^5.3.0"
      }
    },
    "@ethersproject/wordlists": {
      "version": "5.3.0",
      "resolved": "https://registry.nlark.com/@ethersproject/wordlists/download/@ethersproject/wordlists-5.3.0.tgz",
      "integrity": "sha1-RaAgX1F4wd4z0xbLKrftXqw8BsU=",
      "requires": {
        "@ethersproject/bytes": "^5.3.0",
        "@ethersproject/hash": "^5.3.0",
        "@ethersproject/logger": "^5.3.0",
        "@ethersproject/properties": "^5.3.0",
        "@ethersproject/strings": "^5.3.0"
      }
    },
    "@tsconfig/node10": {
      "version": "1.0.7",
      "resolved": "https://registry.nlark.com/@tsconfig/node10/download/@tsconfig/node10-1.0.7.tgz",
      "integrity": "sha1-HrHeNsc0eKJHnMZh71rxwW2G1gY="
    },
    "@tsconfig/node12": {
      "version": "1.0.7",
      "resolved": "https://registry.nlark.com/@tsconfig/node12/download/@tsconfig/node12-1.0.7.tgz",
      "integrity": "sha1-Z3vZEX6BZNwxmYfdb/X8G6b78Ys="
    },
    "@tsconfig/node14": {
      "version": "1.0.0",
      "resolved": "https://registry.nlark.com/@tsconfig/node14/download/@tsconfig/node14-1.0.0.tgz",
      "integrity": "sha1-W9BG5Qix7pC8CRdmdYg4dB/e/W4="
    },
    "@tsconfig/node16": {
      "version": "1.0.1",
      "resolved": "https://registry.nlark.com/@tsconfig/node16/download/@tsconfig/node16-1.0.1.tgz",
      "integrity": "sha1-pspqmg/zZq9DP0L18OEkeU/2uPE="
    },
    "@types/node": {
      "version": "15.12.2",
      "resolved": "https://registry.nlark.com/@types/node/download/@types/node-15.12.2.tgz",
      "integrity": "sha1-HytCxL5xVv9Kb5FLL7A9BfqE440="
    },
    "aes-js": {
      "version": "3.0.0",
      "resolved": "https://registry.npm.taobao.org/aes-js/download/aes-js-3.0.0.tgz",
      "integrity": "sha1-4h3xCtbCBTKVvLuNq0Cwnb6ofk0="
    },
    "arg": {
      "version": "4.1.3",
      "resolved": "https://registry.npm.taobao.org/arg/download/arg-4.1.3.tgz?cache=0&sync_timestamp=1605574972657&other_urls=https%3A%2F%2Fregistry.npm.taobao.org%2Farg%2Fdownload%2Farg-4.1.3.tgz",
      "integrity": "sha1-Jp/HrVuOQstjyJbVZmAXJhwUQIk="
    },
    "bech32": {
      "version": "1.1.4",
      "resolved": "https://registry.npm.taobao.org/bech32/download/bech32-1.1.4.tgz",
      "integrity": "sha1-44yfN78Xm46xauOncrQMNW1IMuk="
    },
    "bn.js": {
      "version": "4.12.0",
      "resolved": "https://registry.npm.taobao.org/bn.js/download/bn.js-4.12.0.tgz",
      "integrity": "sha1-d1s/J477uXGO7HNh9IP7Nvu/6og="
    },
    "brorand": {
      "version": "1.1.0",
      "resolved": "https://registry.nlark.com/brorand/download/brorand-1.1.0.tgz",
      "integrity": "sha1-EsJe/kCkXjwyPrhnWgoM5XsiNx8="
    },
    "buffer-from": {
      "version": "1.1.1",
      "resolved": "https://registry.npm.taobao.org/buffer-from/download/buffer-from-1.1.1.tgz",
      "integrity": "sha1-MnE7wCj3XAL9txDXx7zsHyxgcO8="
    },
    "create-require": {
      "version": "1.1.1",
      "resolved": "https://registry.npm.taobao.org/create-require/download/create-require-1.1.1.tgz",
      "integrity": "sha1-wdfo8eX2z8n/ZfnNNS03NIdWwzM="
    },
    "diff": {
      "version": "4.0.2",
      "resolved": "https://registry.npm.taobao.org/diff/download/diff-4.0.2.tgz?cache=0&sync_timestamp=1604803664325&other_urls=https%3A%2F%2Fregistry.npm.taobao.org%2Fdiff%2Fdownload%2Fdiff-4.0.2.tgz",
      "integrity": "sha1-YPOuy4nV+uUgwRqhnvwruYKq3n0="
    },
    "elliptic": {
      "version": "6.5.4",
      "resolved": "https://registry.npm.taobao.org/elliptic/download/elliptic-6.5.4.tgz",
      "integrity": "sha1-2jfOvTHnmhNn6UG1ku0fvr1Yq7s=",
      "requires": {
        "bn.js": "^4.11.9",
        "brorand": "^1.1.0",
        "hash.js": "^1.0.0",
        "hmac-drbg": "^1.0.1",
        "inherits": "^2.0.4",
        "minimalistic-assert": "^1.0.1",
        "minimalistic-crypto-utils": "^1.0.1"
      }
    },
    "ethers": {
      "version": "5.3.0",
      "resolved": "https://registry.nlark.com/ethers/download/ethers-5.3.0.tgz?cache=0&sync_timestamp=1622517902964&other_urls=https%3A%2F%2Fregistry.nlark.com%2Fethers%2Fdownload%2Fethers-5.3.0.tgz",
      "integrity": "sha1-HsFNCcRh6PJVSwDNCA6UowlOfp0=",
      "requires": {
        "@ethersproject/abi": "5.3.0",
        "@ethersproject/abstract-provider": "5.3.0",
        "@ethersproject/abstract-signer": "5.3.0",
        "@ethersproject/address": "5.3.0",
        "@ethersproject/base64": "5.3.0",
        "@ethersproject/basex": "5.3.0",
        "@ethersproject/bignumber": "5.3.0",
        "@ethersproject/bytes": "5.3.0",
        "@ethersproject/constants": "5.3.0",
        "@ethersproject/contracts": "5.3.0",
        "@ethersproject/hash": "5.3.0",
        "@ethersproject/hdnode": "5.3.0",
        "@ethersproject/json-wallets": "5.3.0",
        "@ethersproject/keccak256": "5.3.0",
        "@ethersproject/logger": "5.3.0",
        "@ethersproject/networks": "5.3.0",
        "@ethersproject/pbkdf2": "5.3.0",
        "@ethersproject/properties": "5.3.0",
        "@ethersproject/providers": "5.3.0",
        "@ethersproject/random": "5.3.0",
        "@ethersproject/rlp": "5.3.0",
        "@ethersproject/sha2": "5.3.0",
        "@ethersproject/signing-key": "5.3.0",
        "@ethersproject/solidity": "5.3.0",
        "@ethersproject/strings": "5.3.0",
        "@ethersproject/transactions": "5.3.0",
        "@ethersproject/units": "5.3.0",
        "@ethersproject/wallet": "5.3.0",
        "@ethersproject/web": "5.3.0",
        "@ethersproject/wordlists": "5.3.0"
      }
    },
    "hash.js": {
      "version": "1.1.7",
      "resolved": "https://registry.npm.taobao.org/hash.js/download/hash.js-1.1.7.tgz",
      "integrity": "sha1-C6vKU46NTuSg+JiNaIZlN6ADz0I=",
      "requires": {
        "inherits": "^2.0.3",
        "minimalistic-assert": "^1.0.1"
      }
    },
    "hmac-drbg": {
      "version": "1.0.1",
      "resolved": "https://registry.nlark.com/hmac-drbg/download/hmac-drbg-1.0.1.tgz",
      "integrity": "sha1-0nRXAQJabHdabFRXk+1QL8DGSaE=",
      "requires": {
        "hash.js": "^1.0.3",
        "minimalistic-assert": "^1.0.0",
        "minimalistic-crypto-utils": "^1.0.1"
      }
    },
    "inherits": {
      "version": "2.0.4",
      "resolved": "https://registry.npm.taobao.org/inherits/download/inherits-2.0.4.tgz",
      "integrity": "sha1-D6LGT5MpF8NDOg3tVTY6rjdBa3w="
    },
    "js-sha3": {
      "version": "0.5.7",
      "resolved": "https://registry.npm.taobao.org/js-sha3/download/js-sha3-0.5.7.tgz",
      "integrity": "sha1-DU/9gALVMzqrr0oj7tL2N0yfKOc="
    },
    "make-error": {
      "version": "1.3.6",
      "resolved": "https://registry.npm.taobao.org/make-error/download/make-error-1.3.6.tgz",
      "integrity": "sha1-LrLjfqm2fEiR9oShOUeZr0hM96I="
    },
    "minimalistic-assert": {
      "version": "1.0.1",
      "resolved": "https://registry.nlark.com/minimalistic-assert/download/minimalistic-assert-1.0.1.tgz",
      "integrity": "sha1-LhlN4ERibUoQ5/f7wAznPoPk1cc="
    },
    "minimalistic-crypto-utils": {
      "version": "1.0.1",
      "resolved": "https://registry.nlark.com/minimalistic-crypto-utils/download/minimalistic-crypto-utils-1.0.1.tgz",
      "integrity": "sha1-9sAMHAsIIkblxNmd+4x8CDsrWCo="
    },
    "scrypt-js": {
      "version": "3.0.1",
      "resolved": "https://registry.npm.taobao.org/scrypt-js/download/scrypt-js-3.0.1.tgz",
      "integrity": "sha1-0xSlfCrvadGtmKE4oh/p6vqe4xI="
    },
    "source-map": {
      "version": "0.6.1",
      "resolved": "https://registry.npm.taobao.org/source-map/download/source-map-0.6.1.tgz",
      "integrity": "sha1-dHIq8y6WFOnCh6jQu95IteLxomM="
    },
    "source-map-support": {
      "version": "0.5.19",
      "resolved": "https://registry.nlark.com/source-map-support/download/source-map-support-0.5.19.tgz",
      "integrity": "sha1-qYti+G3K9PZzmWSMCFKRq56P7WE=",
      "requires": {
        "buffer-from": "^1.0.0",
        "source-map": "^0.6.0"
      }
    },
    "ts-node": {
      "version": "10.0.0",
      "resolved": "https://registry.nlark.com/ts-node/download/ts-node-10.0.0.tgz?cache=0&sync_timestamp=1621817618947&other_urls=https%3A%2F%2Fregistry.nlark.com%2Fts-node%2Fdownload%2Fts-node-10.0.0.tgz",
      "integrity": "sha1-BfELmnFrC2JBKa1E8OoF2shLo74=",
      "requires": {
        "@tsconfig/node10": "^1.0.7",
        "@tsconfig/node12": "^1.0.7",
        "@tsconfig/node14": "^1.0.0",
        "@tsconfig/node16": "^1.0.1",
        "arg": "^4.1.0",
        "create-require": "^1.1.0",
        "diff": "^4.0.1",
        "make-error": "^1.1.1",
        "source-map-support": "^0.5.17",
        "yn": "3.1.1"
      }
    },
    "typescript": {
      "version": "4.3.2",
      "resolved": "https://registry.nlark.com/typescript/download/typescript-4.3.2.tgz?cache=0&sync_timestamp=1623137404028&other_urls=https%3A%2F%2Fregistry.nlark.com%2Ftypescript%2Fdownload%2Ftypescript-4.3.2.tgz",
      "integrity": "sha1-OZqxiqxFgC1vJJjeUFT8u+cWqAU="
    },
    "ws": {
      "version": "7.4.6",
      "resolved": "https://registry.nlark.com/ws/download/ws-7.4.6.tgz",
      "integrity": "sha1-VlTKjs3u5HwzqaS/bSjivimAN3w="
    },
    "yn": {
      "version": "3.1.1",
      "resolved": "https://registry.npm.taobao.org/yn/download/yn-3.1.1.tgz",
      "integrity": "sha1-HodAGgnXZ8HV6rJqbkwYUYLS61A="
    }
  }
}
